
Microsoft Visual Studio Solution File, Format Version 12.00
# Visual Studio Version 16
VisualStudioVersion = 16.0.29519.87
MinimumVisualStudioVersion = 10.0.40219.1
Project("{2150E333-8FDC-42A3-9474-1A3956D46DE8}") = "MicroService", "MicroService", "{F577DF02-1F76-4E4E-B684-EA894ED84623}"
EndProject
Project("{2150E333-8FDC-42A3-9474-1A3956D46DE8}") = "Domain", "Domain", "{0596C751-D7EB-4EA5-95E8-72D1AD256BBE}"
EndProject
Project("{2150E333-8FDC-42A3-9474-1A3956D46DE8}") = "Infra.Bus", "Infra.Bus", "{529EB3F5-A635-4EBD-A757-E702C4FD3870}"
EndProject
Project("{2150E333-8FDC-42A3-9474-1A3956D46DE8}") = "Infra.IoC", "Infra.IoC", "{0DFED8D2-08F2-4AC1-9218-08A6186093FE}"
EndProject
Project("{2150E333-8FDC-42A3-9474-1A3956D46DE8}") = "Presentation", "Presentation", "{64547E9C-C864-402E-8801-38198A8F2AB6}"
EndProject
Project("{9A19103F-16F7-4668-BE54-9A1E7A4F7556}") = "MicroRabbit.Domain.Core", "MicroRabbit.Domain.Core\MicroRabbit.Domain.Core.csproj", "{6BA4496D-14E2-4A07-B5D2-2B6AD74BC3BE}"
EndProject
Project("{9A19103F-16F7-4668-BE54-9A1E7A4F7556}") = "MicroRabbit.Infra.Bus", "MicroRabbit.Infra.Bus\MicroRabbit.Infra.Bus.csproj", "{A237D9DF-0F36-445D-A9B2-E3F0BC55795C}"
EndProject
Project("{9A19103F-16F7-4668-BE54-9A1E7A4F7556}") = "MicroRabbit.Infra.IoC", "MicroRabbit.Infra.IoC\MicroRabbit.Infra.IoC.csproj", "{F76ADEE6-9674-4F14-89F0-A1EB1C235CBD}"
EndProject
Project("{2150E333-8FDC-42A3-9474-1A3956D46DE8}") = "API", "API", "{DFA4CD38-3C7D-4C8D-9E30-4DAA7888ACCE}"
EndProject
Project("{2150E333-8FDC-42A3-9474-1A3956D46DE8}") = "Data", "Data", "{A9AF8115-98EC-43F6-973E-9725DFBFC402}"
EndProject
Project("{2150E333-8FDC-42A3-9474-1A3956D46DE8}") = "Application", "Application", "{43DF4FA3-88B2-483D-8CDF-D1255AA20A86}"
EndProject
Project("{2150E333-8FDC-42A3-9474-1A3956D46DE8}") = "Domain", "Domain", "{EE09E4C2-1F94-40CE-9348-01D0AC57788B}"
EndProject
Project("{9A19103F-16F7-4668-BE54-9A1E7A4F7556}") = "MicroRabbit.Banking.Api", "MicroRabbit.Banking.Api\MicroRabbit.Banking.Api.csproj", "{6EC11A50-F54B-4918-8445-29A70E8147A6}"
EndProject
Project("{9A19103F-16F7-4668-BE54-9A1E7A4F7556}") = "MicroRabbit.Banking.Application", "MicroRabbit.Banking.Application\MicroRabbit.Banking.Application.csproj", "{1E1952B8-CB90-49F0-BD0B-E59F0D698536}"
EndProject
Project("{9A19103F-16F7-4668-BE54-9A1E7A4F7556}") = "MicroRabbit.Banking.Data", "MicroRabbit.Banking.Data\MicroRabbit.Banking.Data.csproj", "{B33770B1-AB98-4BDE-A532-81D583496259}"
EndProject
Project("{9A19103F-16F7-4668-BE54-9A1E7A4F7556}") = "MicroRabbit.Banking.Domain", "MicroRabbit.Banking.Domain\MicroRabbit.Banking.Domain.csproj", "{4D4967CC-31B4-4F64-B400-A5CA9B09A7C2}"
EndProject
Project("{2150E333-8FDC-42A3-9474-1A3956D46DE8}") = "Transfer", "Transfer", "{BE9867DF-196A-4DB6-AAAF-F67633B6CCA2}"
EndProject
Project("{2150E333-8FDC-42A3-9474-1A3956D46DE8}") = "Banking", "Banking", "{5551DE8B-4912-4416-92C9-2E74907DA7A9}"
EndProject
Project("{2150E333-8FDC-42A3-9474-1A3956D46DE8}") = "Application", "Application", "{C9D75C29-CEC5-4490-B400-06AA427B846D}"
EndProject
Project("{2150E333-8FDC-42A3-9474-1A3956D46DE8}") = "Domain", "Domain", "{868B9163-7798-4717-98CE-89B5B1DC8487}"
EndProject
Project("{2150E333-8FDC-42A3-9474-1A3956D46DE8}") = "Data", "Data", "{B36C5DDF-FC6C-4E2C-976C-130D28A01E0E}"
EndProject
Project("{2150E333-8FDC-42A3-9474-1A3956D46DE8}") = "Api", "Api", "{59E6BE72-8085-4600-BBF8-2713A76CF7B9}"
EndProject
Project("{FAE04EC0-301F-11D3-BF4B-00C04F79EFBC}") = "MicroRabbit,Transfer.Api", "MicroRabbit,Transfer.Api\MicroRabbit,Transfer.Api.csproj", "{B7B59FC9-3D55-4F60-AB2C-281C210D2A54}"
EndProject
Project("{FAE04EC0-301F-11D3-BF4B-00C04F79EFBC}") = "MicroRabbit.Transfer.Application", "MicroRabbit.Transfer.Application\MicroRabbit.Transfer.Application.csproj", "{5301EBA3-C09E-4B2F-961F-A4BFDD7042A2}"
EndProject
Project("{FAE04EC0-301F-11D3-BF4B-00C04F79EFBC}") = "MicroRabbit.Transfer.Data", "MicroRabbit.Transfer.Data\MicroRabbit.Transfer.Data.csproj", "{10559DF9-9DAC-4A74-9F4D-AEB7CBA583E4}"
EndProject
Project("{FAE04EC0-301F-11D3-BF4B-00C04F79EFBC}") = "MicroRabbit.Transfer.Domain", "MicroRabbit.Transfer.Domain\MicroRabbit.Transfer.Domain.csproj", "{E2D2B3F6-0FD8-43F6-8FC5-C83BC6E68605}"
EndProject
Global
	GlobalSection(SolutionConfigurationPlatforms) = preSolution
		Debug|Any CPU = Debug|Any CPU
		Release|Any CPU = Release|Any CPU
	EndGlobalSection
	GlobalSection(ProjectConfigurationPlatforms) = postSolution
		{6BA4496D-14E2-4A07-B5D2-2B6AD74BC3BE}.Debug|Any CPU.ActiveCfg = Debug|Any CPU
		{6BA4496D-14E2-4A07-B5D2-2B6AD74BC3BE}.Debug|Any CPU.Build.0 = Debug|Any CPU
		{6BA4496D-14E2-4A07-B5D2-2B6AD74BC3BE}.Release|Any CPU.ActiveCfg = Release|Any CPU
		{6BA4496D-14E2-4A07-B5D2-2B6AD74BC3BE}.Release|Any CPU.Build.0 = Release|Any CPU
		{A237D9DF-0F36-445D-A9B2-E3F0BC55795C}.Debug|Any CPU.ActiveCfg = Debug|Any CPU
		{A237D9DF-0F36-445D-A9B2-E3F0BC55795C}.Debug|Any CPU.Build.0 = Debug|Any CPU
		{A237D9DF-0F36-445D-A9B2-E3F0BC55795C}.Release|Any CPU.ActiveCfg = Release|Any CPU
		{A237D9DF-0F36-445D-A9B2-E3F0BC55795C}.Release|Any CPU.Build.0 = Release|Any CPU
		{F76ADEE6-9674-4F14-89F0-A1EB1C235CBD}.Debug|Any CPU.ActiveCfg = Debug|Any CPU
		{F76ADEE6-9674-4F14-89F0-A1EB1C235CBD}.Debug|Any CPU.Build.0 = Debug|Any CPU
		{F76ADEE6-9674-4F14-89F0-A1EB1C235CBD}.Release|Any CPU.ActiveCfg = Release|Any CPU
		{F76ADEE6-9674-4F14-89F0-A1EB1C235CBD}.Release|Any CPU.Build.0 = Release|Any CPU
		{6EC11A50-F54B-4918-8445-29A70E8147A6}.Debug|Any CPU.ActiveCfg = Debug|Any CPU
		{6EC11A50-F54B-4918-8445-29A70E8147A6}.Debug|Any CPU.Build.0 = Debug|Any CPU
		{6EC11A50-F54B-4918-8445-29A70E8147A6}.Release|Any CPU.ActiveCfg = Release|Any CPU
		{6EC11A50-F54B-4918-8445-29A70E8147A6}.Release|Any CPU.Build.0 = Release|Any CPU
		{1E1952B8-CB90-49F0-BD0B-E59F0D698536}.Debug|Any CPU.ActiveCfg = Debug|Any CPU
		{1E1952B8-CB90-49F0-BD0B-E59F0D698536}.Debug|Any CPU.Build.0 = Debug|Any CPU
		{1E1952B8-CB90-49F0-BD0B-E59F0D698536}.Release|Any CPU.ActiveCfg = Release|Any CPU
		{1E1952B8-CB90-49F0-BD0B-E59F0D698536}.Release|Any CPU.Build.0 = Release|Any CPU
		{B33770B1-AB98-4BDE-A532-81D583496259}.Debug|Any CPU.ActiveCfg = Debug|Any CPU
		{B33770B1-AB98-4BDE-A532-81D583496259}.Debug|Any CPU.Build.0 = Debug|Any CPU
		{B33770B1-AB98-4BDE-A532-81D583496259}.Release|Any CPU.ActiveCfg = Release|Any CPU
		{B33770B1-AB98-4BDE-A532-81D583496259}.Release|Any CPU.Build.0 = Release|Any CPU
		{4D4967CC-31B4-4F64-B400-A5CA9B09A7C2}.Debug|Any CPU.ActiveCfg = Debug|Any CPU
		{4D4967CC-31B4-4F64-B400-A5CA9B09A7C2}.Debug|Any CPU.Build.0 = Debug|Any CPU
		{4D4967CC-31B4-4F64-B400-A5CA9B09A7C2}.Release|Any CPU.ActiveCfg = Release|Any CPU
		{4D4967CC-31B4-4F64-B400-A5CA9B09A7C2}.Release|Any CPU.Build.0 = Release|Any CPU
		{B7B59FC9-3D55-4F60-AB2C-281C210D2A54}.Debug|Any CPU.ActiveCfg = Debug|Any CPU
		{B7B59FC9-3D55-4F60-AB2C-281C210D2A54}.Debug|Any CPU.Build.0 = Debug|Any CPU
		{B7B59FC9-3D55-4F60-AB2C-281C210D2A54}.Release|Any CPU.ActiveCfg = Release|Any CPU
		{B7B59FC9-3D55-4F60-AB2C-281C210D2A54}.Release|Any CPU.Build.0 = Release|Any CPU
		{5301EBA3-C09E-4B2F-961F-A4BFDD7042A2}.Debug|Any CPU.ActiveCfg = Debug|Any CPU
		{5301EBA3-C09E-4B2F-961F-A4BFDD7042A2}.Debug|Any CPU.Build.0 = Debug|Any CPU
		{5301EBA3-C09E-4B2F-961F-A4BFDD7042A2}.Release|Any CPU.ActiveCfg = Release|Any CPU
		{5301EBA3-C09E-4B2F-961F-A4BFDD7042A2}.Release|Any CPU.Build.0 = Release|Any CPU
		{10559DF9-9DAC-4A74-9F4D-AEB7CBA583E4}.Debug|Any CPU.ActiveCfg = Debug|Any CPU
		{10559DF9-9DAC-4A74-9F4D-AEB7CBA583E4}.Debug|Any CPU.Build.0 = Debug|Any CPU
		{10559DF9-9DAC-4A74-9F4D-AEB7CBA583E4}.Release|Any CPU.ActiveCfg = Release|Any CPU
		{10559DF9-9DAC-4A74-9F4D-AEB7CBA583E4}.Release|Any CPU.Build.0 = Release|Any CPU
		{E2D2B3F6-0FD8-43F6-8FC5-C83BC6E68605}.Debug|Any CPU.ActiveCfg = Debug|Any CPU
		{E2D2B3F6-0FD8-43F6-8FC5-C83BC6E68605}.Debug|Any CPU.Build.0 = Debug|Any CPU
		{E2D2B3F6-0FD8-43F6-8FC5-C83BC6E68605}.Release|Any CPU.ActiveCfg = Release|Any CPU
		{E2D2B3F6-0FD8-43F6-8FC5-C83BC6E68605}.Release|Any CPU.Build.0 = Release|Any CPU
	EndGlobalSection
	GlobalSection(SolutionProperties) = preSolution
		HideSolutionNode = FALSE
	EndGlobalSection
	GlobalSection(NestedProjects) = preSolution
		{6BA4496D-14E2-4A07-B5D2-2B6AD74BC3BE} = {0596C751-D7EB-4EA5-95E8-72D1AD256BBE}
		{A237D9DF-0F36-445D-A9B2-E3F0BC55795C} = {529EB3F5-A635-4EBD-A757-E702C4FD3870}
		{F76ADEE6-9674-4F14-89F0-A1EB1C235CBD} = {0DFED8D2-08F2-4AC1-9218-08A6186093FE}
		{DFA4CD38-3C7D-4C8D-9E30-4DAA7888ACCE} = {5551DE8B-4912-4416-92C9-2E74907DA7A9}
		{A9AF8115-98EC-43F6-973E-9725DFBFC402} = {5551DE8B-4912-4416-92C9-2E74907DA7A9}
		{43DF4FA3-88B2-483D-8CDF-D1255AA20A86} = {5551DE8B-4912-4416-92C9-2E74907DA7A9}
		{EE09E4C2-1F94-40CE-9348-01D0AC57788B} = {5551DE8B-4912-4416-92C9-2E74907DA7A9}
		{6EC11A50-F54B-4918-8445-29A70E8147A6} = {DFA4CD38-3C7D-4C8D-9E30-4DAA7888ACCE}
		{1E1952B8-CB90-49F0-BD0B-E59F0D698536} = {43DF4FA3-88B2-483D-8CDF-D1255AA20A86}
		{B33770B1-AB98-4BDE-A532-81D583496259} = {A9AF8115-98EC-43F6-973E-9725DFBFC402}
		{4D4967CC-31B4-4F64-B400-A5CA9B09A7C2} = {EE09E4C2-1F94-40CE-9348-01D0AC57788B}
		{BE9867DF-196A-4DB6-AAAF-F67633B6CCA2} = {F577DF02-1F76-4E4E-B684-EA894ED84623}
		{5551DE8B-4912-4416-92C9-2E74907DA7A9} = {F577DF02-1F76-4E4E-B684-EA894ED84623}
		{C9D75C29-CEC5-4490-B400-06AA427B846D} = {BE9867DF-196A-4DB6-AAAF-F67633B6CCA2}
		{868B9163-7798-4717-98CE-89B5B1DC8487} = {BE9867DF-196A-4DB6-AAAF-F67633B6CCA2}
		{B36C5DDF-FC6C-4E2C-976C-130D28A01E0E} = {BE9867DF-196A-4DB6-AAAF-F67633B6CCA2}
		{59E6BE72-8085-4600-BBF8-2713A76CF7B9} = {BE9867DF-196A-4DB6-AAAF-F67633B6CCA2}
		{B7B59FC9-3D55-4F60-AB2C-281C210D2A54} = {59E6BE72-8085-4600-BBF8-2713A76CF7B9}
		{5301EBA3-C09E-4B2F-961F-A4BFDD7042A2} = {C9D75C29-CEC5-4490-B400-06AA427B846D}
		{10559DF9-9DAC-4A74-9F4D-AEB7CBA583E4} = {B36C5DDF-FC6C-4E2C-976C-130D28A01E0E}
		{E2D2B3F6-0FD8-43F6-8FC5-C83BC6E68605} = {868B9163-7798-4717-98CE-89B5B1DC8487}
	EndGlobalSection
	GlobalSection(ExtensibilityGlobals) = postSolution
		SolutionGuid = {E191B243-167F-4874-99E3-ADEBBAB9F5BF}
	EndGlobalSection
EndGlobal
