
Microsoft Visual Studio Solution File, Format Version 12.00
# Visual Studio Version 16
VisualStudioVersion = 16.0.29519.87
MinimumVisualStudioVersion = 10.0.40219.1
Project("{2150E333-8FDC-42A3-9474-1A3956D46DE8}") = "MicroService", "MicroService", "{F577DF02-1F76-4E4E-B684-EA894ED84623}"
EndProject
Project("{2150E333-8FDC-42A3-9474-1A3956D46DE8}") = "Domain", "Domain", "{0596C751-D7EB-4EA5-95E8-72D1AD256BBE}"
EndProject
Project("{2150E333-8FDC-42A3-9474-1A3956D46DE8}") = "Infra.Bus", "Infra.Bus", "{529EB3F5-A635-4EBD-A757-E702C4FD3870}"
EndProject
Project("{2150E333-8FDC-42A3-9474-1A3956D46DE8}") = "Infra.IoC", "Infra.IoC", "{0DFED8D2-08F2-4AC1-9218-08A6186093FE}"
EndProject
Project("{2150E333-8FDC-42A3-9474-1A3956D46DE8}") = "Presentation", "Presentation", "{64547E9C-C864-402E-8801-38198A8F2AB6}"
EndProject
Project("{9A19103F-16F7-4668-BE54-9A1E7A4F7556}") = "MicroRabbit.Domain.Core", "MicroRabbit.Domain.Core\MicroRabbit.Domain.Core.csproj", "{6BA4496D-14E2-4A07-B5D2-2B6AD74BC3BE}"
EndProject
Project("{FAE04EC0-301F-11D3-BF4B-00C04F79EFBC}") = "MicroRabbit.Infra.Bus", "MicroRabbit.Infra.Bus\MicroRabbit.Infra.Bus.csproj", "{A237D9DF-0F36-445D-A9B2-E3F0BC55795C}"
EndProject
Global
	GlobalSection(SolutionConfigurationPlatforms) = preSolution
		Debug|Any CPU = Debug|Any CPU
		Release|Any CPU = Release|Any CPU
	EndGlobalSection
	GlobalSection(ProjectConfigurationPlatforms) = postSolution
		{6BA4496D-14E2-4A07-B5D2-2B6AD74BC3BE}.Debug|Any CPU.ActiveCfg = Debug|Any CPU
		{6BA4496D-14E2-4A07-B5D2-2B6AD74BC3BE}.Debug|Any CPU.Build.0 = Debug|Any CPU
		{6BA4496D-14E2-4A07-B5D2-2B6AD74BC3BE}.Release|Any CPU.ActiveCfg = Release|Any CPU
		{6BA4496D-14E2-4A07-B5D2-2B6AD74BC3BE}.Release|Any CPU.Build.0 = Release|Any CPU
		{A237D9DF-0F36-445D-A9B2-E3F0BC55795C}.Debug|Any CPU.ActiveCfg = Debug|Any CPU
		{A237D9DF-0F36-445D-A9B2-E3F0BC55795C}.Debug|Any CPU.Build.0 = Debug|Any CPU
		{A237D9DF-0F36-445D-A9B2-E3F0BC55795C}.Release|Any CPU.ActiveCfg = Release|Any CPU
		{A237D9DF-0F36-445D-A9B2-E3F0BC55795C}.Release|Any CPU.Build.0 = Release|Any CPU
	EndGlobalSection
	GlobalSection(SolutionProperties) = preSolution
		HideSolutionNode = FALSE
	EndGlobalSection
	GlobalSection(NestedProjects) = preSolution
		{6BA4496D-14E2-4A07-B5D2-2B6AD74BC3BE} = {0596C751-D7EB-4EA5-95E8-72D1AD256BBE}
		{A237D9DF-0F36-445D-A9B2-E3F0BC55795C} = {529EB3F5-A635-4EBD-A757-E702C4FD3870}
	EndGlobalSection
	GlobalSection(ExtensibilityGlobals) = postSolution
		SolutionGuid = {E191B243-167F-4874-99E3-ADEBBAB9F5BF}
	EndGlobalSection
EndGlobal
